
Microsoft Visual Studio Solution File, Format Version 12.00
# Visual Studio Version 16
VisualStudioVersion = 16.0.31624.102
MinimumVisualStudioVersion = 10.0.40219.1
Project("{FAE04EC0-301F-11D3-BF4B-00C04F79EFBC}") = "Quete_LINQ", "Quete_LINQ\Quete_LINQ.csproj", "{0B8A043C-BCA0-4C6F-A875-94EC5C290231}"
EndProject
Global
	GlobalSection(SolutionConfigurationPlatforms) = preSolution
		Debug|Any CPU = Debug|Any CPU
		Release|Any CPU = Release|Any CPU
	EndGlobalSection
	GlobalSection(ProjectConfigurationPlatforms) = postSolution
		{0B8A043C-BCA0-4C6F-A875-94EC5C290231}.Debug|Any CPU.ActiveCfg = Debug|Any CPU
		{0B8A043C-BCA0-4C6F-A875-94EC5C290231}.Debug|Any CPU.Build.0 = Debug|Any CPU
		{0B8A043C-BCA0-4C6F-A875-94EC5C290231}.Release|Any CPU.ActiveCfg = Release|Any CPU
		{0B8A043C-BCA0-4C6F-A875-94EC5C290231}.Release|Any CPU.Build.0 = Release|Any CPU
	EndGlobalSection
	GlobalSection(SolutionProperties) = preSolution
		HideSolutionNode = FALSE
	EndGlobalSection
	GlobalSection(ExtensibilityGlobals) = postSolution
		SolutionGuid = {FCACA286-D1B3-4936-AB07-CF3E41B751D7}
	EndGlobalSection
EndGlobal
